
Microsoft Visual Studio Solution File, Format Version 12.00
# Visual Studio Version 16
VisualStudioVersion = 16.0.31729.503
MinimumVisualStudioVersion = 10.0.40219.1
Project("{FAE04EC0-301F-11D3-BF4B-00C04F79EFBC}") = "Parse", "Parse\Parse.csproj", "{673BD790-BA58-4C77-BDFE-733B5A38C8C5}"
EndProject
Global
	GlobalSection(SolutionConfigurationPlatforms) = preSolution
		Debug|Any CPU = Debug|Any CPU
		Release|Any CPU = Release|Any CPU
	EndGlobalSection
	GlobalSection(ProjectConfigurationPlatforms) = postSolution
		{673BD790-BA58-4C77-BDFE-733B5A38C8C5}.Debug|Any CPU.ActiveCfg = Debug|Any CPU
		{673BD790-BA58-4C77-BDFE-733B5A38C8C5}.Debug|Any CPU.Build.0 = Debug|Any CPU
		{673BD790-BA58-4C77-BDFE-733B5A38C8C5}.Release|Any CPU.ActiveCfg = Release|Any CPU
		{673BD790-BA58-4C77-BDFE-733B5A38C8C5}.Release|Any CPU.Build.0 = Release|Any CPU
	EndGlobalSection
	GlobalSection(SolutionProperties) = preSolution
		HideSolutionNode = FALSE
	EndGlobalSection
	GlobalSection(ExtensibilityGlobals) = postSolution
		SolutionGuid = {EF5D9FA7-5AE8-4E9E-ADEB-361D6EB2645C}
	EndGlobalSection
EndGlobal
