
Microsoft Visual Studio Solution File, Format Version 12.00
# Visual Studio Version 16
VisualStudioVersion = 16.0.31424.327
MinimumVisualStudioVersion = 10.0.40219.1
Project("{FAE04EC0-301F-11D3-BF4B-00C04F79EFBC}") = "Atividade-1", "Atividade-1\Atividade-1.csproj", "{4234B343-A0C7-4F31-A4A1-31FD1E5F3482}"
EndProject
Global
	GlobalSection(SolutionConfigurationPlatforms) = preSolution
		Debug|Any CPU = Debug|Any CPU
		Release|Any CPU = Release|Any CPU
	EndGlobalSection
	GlobalSection(ProjectConfigurationPlatforms) = postSolution
		{4234B343-A0C7-4F31-A4A1-31FD1E5F3482}.Debug|Any CPU.ActiveCfg = Debug|Any CPU
		{4234B343-A0C7-4F31-A4A1-31FD1E5F3482}.Debug|Any CPU.Build.0 = Debug|Any CPU
		{4234B343-A0C7-4F31-A4A1-31FD1E5F3482}.Release|Any CPU.ActiveCfg = Release|Any CPU
		{4234B343-A0C7-4F31-A4A1-31FD1E5F3482}.Release|Any CPU.Build.0 = Release|Any CPU
	EndGlobalSection
	GlobalSection(SolutionProperties) = preSolution
		HideSolutionNode = FALSE
	EndGlobalSection
	GlobalSection(ExtensibilityGlobals) = postSolution
		SolutionGuid = {D7C4923C-8008-4FE2-BB9E-6BD2948DF653}
	EndGlobalSection
EndGlobal
