
Microsoft Visual Studio Solution File, Format Version 12.00
# Visual Studio Version 16
VisualStudioVersion = 16.0.31424.327
MinimumVisualStudioVersion = 10.0.40219.1
Project("{FAE04EC0-301F-11D3-BF4B-00C04F79EFBC}") = "DiaUtil", "DiaUtil\DiaUtil.csproj", "{12457F81-0C8D-4C52-96C8-65BAC3E74751}"
EndProject
Global
	GlobalSection(SolutionConfigurationPlatforms) = preSolution
		Debug|Any CPU = Debug|Any CPU
		Release|Any CPU = Release|Any CPU
	EndGlobalSection
	GlobalSection(ProjectConfigurationPlatforms) = postSolution
		{12457F81-0C8D-4C52-96C8-65BAC3E74751}.Debug|Any CPU.ActiveCfg = Debug|Any CPU
		{12457F81-0C8D-4C52-96C8-65BAC3E74751}.Debug|Any CPU.Build.0 = Debug|Any CPU
		{12457F81-0C8D-4C52-96C8-65BAC3E74751}.Release|Any CPU.ActiveCfg = Release|Any CPU
		{12457F81-0C8D-4C52-96C8-65BAC3E74751}.Release|Any CPU.Build.0 = Release|Any CPU
	EndGlobalSection
	GlobalSection(SolutionProperties) = preSolution
		HideSolutionNode = FALSE
	EndGlobalSection
	GlobalSection(ExtensibilityGlobals) = postSolution
		SolutionGuid = {9A7D44FF-5BC0-4362-BC7E-9C190FAC558B}
	EndGlobalSection
EndGlobal
