
Microsoft Visual Studio Solution File, Format Version 12.00
# Visual Studio Version 16
VisualStudioVersion = 16.0.31424.327
MinimumVisualStudioVersion = 10.0.40219.1
Project("{FAE04EC0-301F-11D3-BF4B-00C04F79EFBC}") = "Funcao", "Funcao\Funcao.csproj", "{739BCC38-EB4B-4BB1-B042-9033BC7CF226}"
EndProject
Global
	GlobalSection(SolutionConfigurationPlatforms) = preSolution
		Debug|Any CPU = Debug|Any CPU
		Release|Any CPU = Release|Any CPU
	EndGlobalSection
	GlobalSection(ProjectConfigurationPlatforms) = postSolution
		{739BCC38-EB4B-4BB1-B042-9033BC7CF226}.Debug|Any CPU.ActiveCfg = Debug|Any CPU
		{739BCC38-EB4B-4BB1-B042-9033BC7CF226}.Debug|Any CPU.Build.0 = Debug|Any CPU
		{739BCC38-EB4B-4BB1-B042-9033BC7CF226}.Release|Any CPU.ActiveCfg = Release|Any CPU
		{739BCC38-EB4B-4BB1-B042-9033BC7CF226}.Release|Any CPU.Build.0 = Release|Any CPU
	EndGlobalSection
	GlobalSection(SolutionProperties) = preSolution
		HideSolutionNode = FALSE
	EndGlobalSection
	GlobalSection(ExtensibilityGlobals) = postSolution
		SolutionGuid = {EEA5FBCA-B24B-4336-A4B0-AC5B1D46A7A0}
	EndGlobalSection
EndGlobal
