
Microsoft Visual Studio Solution File, Format Version 12.00
# Visual Studio Version 16
VisualStudioVersion = 16.0.31424.327
MinimumVisualStudioVersion = 10.0.40219.1
Project("{FAE04EC0-301F-11D3-BF4B-00C04F79EFBC}") = "Media-Idade", "Media-Idade\Media-Idade.csproj", "{2E839F4F-957A-4D69-86C2-CFAFF6A3AAFE}"
EndProject
Global
	GlobalSection(SolutionConfigurationPlatforms) = preSolution
		Debug|Any CPU = Debug|Any CPU
		Release|Any CPU = Release|Any CPU
	EndGlobalSection
	GlobalSection(ProjectConfigurationPlatforms) = postSolution
		{2E839F4F-957A-4D69-86C2-CFAFF6A3AAFE}.Debug|Any CPU.ActiveCfg = Debug|Any CPU
		{2E839F4F-957A-4D69-86C2-CFAFF6A3AAFE}.Debug|Any CPU.Build.0 = Debug|Any CPU
		{2E839F4F-957A-4D69-86C2-CFAFF6A3AAFE}.Release|Any CPU.ActiveCfg = Release|Any CPU
		{2E839F4F-957A-4D69-86C2-CFAFF6A3AAFE}.Release|Any CPU.Build.0 = Release|Any CPU
	EndGlobalSection
	GlobalSection(SolutionProperties) = preSolution
		HideSolutionNode = FALSE
	EndGlobalSection
	GlobalSection(ExtensibilityGlobals) = postSolution
		SolutionGuid = {2C3EE1C4-13DC-4B52-AAAF-6AA65C0C8E56}
	EndGlobalSection
EndGlobal
