
Microsoft Visual Studio Solution File, Format Version 12.00
# Visual Studio Version 16
VisualStudioVersion = 16.0.31424.327
MinimumVisualStudioVersion = 10.0.40219.1
Project("{FAE04EC0-301F-11D3-BF4B-00C04F79EFBC}") = "Primeiro", "Primeiro\Primeiro.csproj", "{411EB4D0-31D7-4716-ACC3-75AD3FAED943}"
EndProject
Global
	GlobalSection(SolutionConfigurationPlatforms) = preSolution
		Debug|Any CPU = Debug|Any CPU
		Release|Any CPU = Release|Any CPU
	EndGlobalSection
	GlobalSection(ProjectConfigurationPlatforms) = postSolution
		{411EB4D0-31D7-4716-ACC3-75AD3FAED943}.Debug|Any CPU.ActiveCfg = Debug|Any CPU
		{411EB4D0-31D7-4716-ACC3-75AD3FAED943}.Debug|Any CPU.Build.0 = Debug|Any CPU
		{411EB4D0-31D7-4716-ACC3-75AD3FAED943}.Release|Any CPU.ActiveCfg = Release|Any CPU
		{411EB4D0-31D7-4716-ACC3-75AD3FAED943}.Release|Any CPU.Build.0 = Release|Any CPU
	EndGlobalSection
	GlobalSection(SolutionProperties) = preSolution
		HideSolutionNode = FALSE
	EndGlobalSection
	GlobalSection(ExtensibilityGlobals) = postSolution
		SolutionGuid = {DF4AC0EC-AC46-4E99-9B3C-424D3F59939F}
	EndGlobalSection
EndGlobal
