
Microsoft Visual Studio Solution File, Format Version 12.00
# Visual Studio Version 16
VisualStudioVersion = 16.0.31424.327
MinimumVisualStudioVersion = 10.0.40219.1
Project("{FAE04EC0-301F-11D3-BF4B-00C04F79EFBC}") = "Falante", "Falante\Falante.csproj", "{A97991D3-3A6D-4CCC-AB81-A0C3F9005782}"
EndProject
Global
	GlobalSection(SolutionConfigurationPlatforms) = preSolution
		Debug|Any CPU = Debug|Any CPU
		Release|Any CPU = Release|Any CPU
	EndGlobalSection
	GlobalSection(ProjectConfigurationPlatforms) = postSolution
		{A97991D3-3A6D-4CCC-AB81-A0C3F9005782}.Debug|Any CPU.ActiveCfg = Debug|Any CPU
		{A97991D3-3A6D-4CCC-AB81-A0C3F9005782}.Debug|Any CPU.Build.0 = Debug|Any CPU
		{A97991D3-3A6D-4CCC-AB81-A0C3F9005782}.Release|Any CPU.ActiveCfg = Release|Any CPU
		{A97991D3-3A6D-4CCC-AB81-A0C3F9005782}.Release|Any CPU.Build.0 = Release|Any CPU
	EndGlobalSection
	GlobalSection(SolutionProperties) = preSolution
		HideSolutionNode = FALSE
	EndGlobalSection
	GlobalSection(ExtensibilityGlobals) = postSolution
		SolutionGuid = {0286820B-276D-4FFD-A552-A5CF21678A2D}
	EndGlobalSection
EndGlobal
