
Microsoft Visual Studio Solution File, Format Version 12.00
# Visual Studio Version 16
VisualStudioVersion = 16.0.31424.327
MinimumVisualStudioVersion = 10.0.40219.1
Project("{FAE04EC0-301F-11D3-BF4B-00C04F79EFBC}") = "AccountTest", "AccountTest\AccountTest.csproj", "{77B0C110-9776-400D-BD9E-44927D447988}"
EndProject
Global
	GlobalSection(SolutionConfigurationPlatforms) = preSolution
		Debug|Any CPU = Debug|Any CPU
		Release|Any CPU = Release|Any CPU
	EndGlobalSection
	GlobalSection(ProjectConfigurationPlatforms) = postSolution
		{77B0C110-9776-400D-BD9E-44927D447988}.Debug|Any CPU.ActiveCfg = Debug|Any CPU
		{77B0C110-9776-400D-BD9E-44927D447988}.Debug|Any CPU.Build.0 = Debug|Any CPU
		{77B0C110-9776-400D-BD9E-44927D447988}.Release|Any CPU.ActiveCfg = Release|Any CPU
		{77B0C110-9776-400D-BD9E-44927D447988}.Release|Any CPU.Build.0 = Release|Any CPU
	EndGlobalSection
	GlobalSection(SolutionProperties) = preSolution
		HideSolutionNode = FALSE
	EndGlobalSection
	GlobalSection(ExtensibilityGlobals) = postSolution
		SolutionGuid = {C8521AA5-2A87-4024-BF22-868085CC7D31}
	EndGlobalSection
EndGlobal
